{
  "pins" : [
    {
      "identity" : "transifex-swift",
      "kind" : "remoteSourceControl",
      "location" : "https://github.com/transifex/transifex-swift/",
      "state" : {
        "revision" : "7c1326b1a80fb37923cb4782d63293766ce8ffa7",
        "version" : "1.0.1"
      }
    }
  ],
  "version" : 2
}
