// !$*UTF8*$!
{
	archiveVersion = 1;
	classes = {
	};
	objectVersion = 50;
	objects = {

/* Begin PBXBuildFile section */
		175B9E052485758F002101CD /* OverdriveAPIResponder.swift in Sources */ = {isa = PBXBuildFile; fileRef = 175B9E042485758F002101CD /* OverdriveAPIResponder.swift */; };
		177E530B249C51720031CCCD /* OverdriveTokenTest.swift in Sources */ = {isa = PBXBuildFile; fileRef = 177E530A249C51720031CCCD /* OverdriveTokenTest.swift */; };
		17DA443924A3D20D00090D97 /* Constants.m in Sources */ = {isa = PBXBuildFile; fileRef = 17DA443824A3D20D00090D97 /* Constants.m */; };
		17EB3D22246B81D800183316 /* OverdriveProcessor.framework in Frameworks */ = {isa = PBXBuildFile; fileRef = 17EB3D18246B81D800183316 /* OverdriveProcessor.framework */; };
		17EB3D27246B81D800183316 /* NYPLOAuth2ErrorTests.swift in Sources */ = {isa = PBXBuildFile; fileRef = 17EB3D26246B81D800183316 /* NYPLOAuth2ErrorTests.swift */; };
		17EB3D29246B81D800183316 /* OverdriveProcessor.h in Headers */ = {isa = PBXBuildFile; fileRef = 17EB3D1B246B81D800183316 /* OverdriveProcessor.h */; settings = {ATTRIBUTES = (Public, ); }; };
		17EB3D3D246B83D100183316 /* OverdriveAPIExecutor.swift in Sources */ = {isa = PBXBuildFile; fileRef = 17EB3D3C246B83D100183316 /* OverdriveAPIExecutor.swift */; };
		17EB3D4D246C7C6A00183316 /* AppDelegate.swift in Sources */ = {isa = PBXBuildFile; fileRef = 17EB3D4C246C7C6A00183316 /* AppDelegate.swift */; };
		17EB3D51246C7C6A00183316 /* ViewController.swift in Sources */ = {isa = PBXBuildFile; fileRef = 17EB3D50246C7C6A00183316 /* ViewController.swift */; };
		17EB3D6E246C837F00183316 /* OverdriveProcessor.framework in Frameworks */ = {isa = PBXBuildFile; fileRef = 17EB3D18246B81D800183316 /* OverdriveProcessor.framework */; };
		17EB3D70246CA87400183316 /* OverdriveToken.swift in Sources */ = {isa = PBXBuildFile; fileRef = 17EB3D6F246CA87400183316 /* OverdriveToken.swift */; };
		17EB3D76246F44CF00183316 /* NYPLOverdriveError.swift in Sources */ = {isa = PBXBuildFile; fileRef = 17EB3D75246F44CF00183316 /* NYPLOverdriveError.swift */; };
		73679E0624E5B8B200F7AF4E /* Dictionary+NYPLAdditions.swift in Sources */ = {isa = PBXBuildFile; fileRef = 73679E0524E5B8B200F7AF4E /* Dictionary+NYPLAdditions.swift */; };
		73679E0824E5BB0700F7AF4E /* NYPLDictionaryAdditionsTests.swift in Sources */ = {isa = PBXBuildFile; fileRef = 73679E0724E5BB0700F7AF4E /* NYPLDictionaryAdditionsTests.swift */; };
		73DA62162744696000DD28D7 /* NYPLOAuth2Error.swift in Sources */ = {isa = PBXBuildFile; fileRef = 73DA62152744696000DD28D7 /* NYPLOAuth2Error.swift */; };
/* End PBXBuildFile section */

/* Begin PBXContainerItemProxy section */
		17EB3D23246B81D800183316 /* PBXContainerItemProxy */ = {
			isa = PBXContainerItemProxy;
			containerPortal = 17EB3D0F246B81D800183316 /* Project object */;
			proxyType = 1;
			remoteGlobalIDString = 17EB3D17246B81D800183316;
			remoteInfo = OverdriveProcessor;
		};
		17EB3D6C246C834800183316 /* PBXContainerItemProxy */ = {
			isa = PBXContainerItemProxy;
			containerPortal = 17EB3D0F246B81D800183316 /* Project object */;
			proxyType = 1;
			remoteGlobalIDString = 17EB3D49246C7C6A00183316;
			remoteInfo = OverdriveProcessorDriver;
		};
/* End PBXContainerItemProxy section */

/* Begin PBXFileReference section */
		175B9E042485758F002101CD /* OverdriveAPIResponder.swift */ = {isa = PBXFileReference; lastKnownFileType = sourcecode.swift; path = OverdriveAPIResponder.swift; sourceTree = "<group>"; };
		177E530A249C51720031CCCD /* OverdriveTokenTest.swift */ = {isa = PBXFileReference; lastKnownFileType = sourcecode.swift; path = OverdriveTokenTest.swift; sourceTree = "<group>"; };
		17DA443824A3D20D00090D97 /* Constants.m */ = {isa = PBXFileReference; lastKnownFileType = sourcecode.c.objc; path = Constants.m; sourceTree = "<group>"; };
		17EB3D18246B81D800183316 /* OverdriveProcessor.framework */ = {isa = PBXFileReference; explicitFileType = wrapper.framework; includeInIndex = 0; path = OverdriveProcessor.framework; sourceTree = BUILT_PRODUCTS_DIR; };
		17EB3D1B246B81D800183316 /* OverdriveProcessor.h */ = {isa = PBXFileReference; lastKnownFileType = sourcecode.c.h; path = OverdriveProcessor.h; sourceTree = "<group>"; };
		17EB3D1C246B81D800183316 /* Info.plist */ = {isa = PBXFileReference; lastKnownFileType = text.plist.xml; path = Info.plist; sourceTree = "<group>"; };
		17EB3D21246B81D800183316 /* OverdriveProcessorTests.xctest */ = {isa = PBXFileReference; explicitFileType = wrapper.cfbundle; includeInIndex = 0; path = OverdriveProcessorTests.xctest; sourceTree = BUILT_PRODUCTS_DIR; };
		17EB3D26246B81D800183316 /* NYPLOAuth2ErrorTests.swift */ = {isa = PBXFileReference; lastKnownFileType = sourcecode.swift; path = NYPLOAuth2ErrorTests.swift; sourceTree = "<group>"; };
		17EB3D28246B81D800183316 /* Info.plist */ = {isa = PBXFileReference; lastKnownFileType = text.plist.xml; path = Info.plist; sourceTree = "<group>"; };
		17EB3D3C246B83D100183316 /* OverdriveAPIExecutor.swift */ = {isa = PBXFileReference; lastKnownFileType = sourcecode.swift; path = OverdriveAPIExecutor.swift; sourceTree = "<group>"; };
		17EB3D4A246C7C6A00183316 /* OverdriveProcessorDriver.app */ = {isa = PBXFileReference; explicitFileType = wrapper.application; includeInIndex = 0; path = OverdriveProcessorDriver.app; sourceTree = BUILT_PRODUCTS_DIR; };
		17EB3D4C246C7C6A00183316 /* AppDelegate.swift */ = {isa = PBXFileReference; lastKnownFileType = sourcecode.swift; path = AppDelegate.swift; sourceTree = "<group>"; };
		17EB3D50246C7C6A00183316 /* ViewController.swift */ = {isa = PBXFileReference; lastKnownFileType = sourcecode.swift; path = ViewController.swift; sourceTree = "<group>"; };
		17EB3D5A246C7C6D00183316 /* Info.plist */ = {isa = PBXFileReference; lastKnownFileType = text.plist.xml; path = Info.plist; sourceTree = "<group>"; };
		17EB3D6F246CA87400183316 /* OverdriveToken.swift */ = {isa = PBXFileReference; lastKnownFileType = sourcecode.swift; path = OverdriveToken.swift; sourceTree = "<group>"; };
		17EB3D75246F44CF00183316 /* NYPLOverdriveError.swift */ = {isa = PBXFileReference; lastKnownFileType = sourcecode.swift; path = NYPLOverdriveError.swift; sourceTree = "<group>"; };
		73679E0524E5B8B200F7AF4E /* Dictionary+NYPLAdditions.swift */ = {isa = PBXFileReference; lastKnownFileType = sourcecode.swift; path = "Dictionary+NYPLAdditions.swift"; sourceTree = "<group>"; };
		73679E0724E5BB0700F7AF4E /* NYPLDictionaryAdditionsTests.swift */ = {isa = PBXFileReference; lastKnownFileType = sourcecode.swift; path = NYPLDictionaryAdditionsTests.swift; sourceTree = "<group>"; };
		73DA62152744696000DD28D7 /* NYPLOAuth2Error.swift */ = {isa = PBXFileReference; lastKnownFileType = sourcecode.swift; path = NYPLOAuth2Error.swift; sourceTree = "<group>"; };
/* End PBXFileReference section */

/* Begin PBXFrameworksBuildPhase section */
		17EB3D15246B81D800183316 /* Frameworks */ = {
			isa = PBXFrameworksBuildPhase;
			buildActionMask = 2147483647;
			files = (
			);
			runOnlyForDeploymentPostprocessing = 0;
		};
		17EB3D1E246B81D800183316 /* Frameworks */ = {
			isa = PBXFrameworksBuildPhase;
			buildActionMask = 2147483647;
			files = (
				17EB3D22246B81D800183316 /* OverdriveProcessor.framework in Frameworks */,
			);
			runOnlyForDeploymentPostprocessing = 0;
		};
		17EB3D47246C7C6A00183316 /* Frameworks */ = {
			isa = PBXFrameworksBuildPhase;
			buildActionMask = 2147483647;
			files = (
				17EB3D6E246C837F00183316 /* OverdriveProcessor.framework in Frameworks */,
			);
			runOnlyForDeploymentPostprocessing = 0;
		};
/* End PBXFrameworksBuildPhase section */

/* Begin PBXGroup section */
		175B9DFC247F3AF2002101CD /* Tests */ = {
			isa = PBXGroup;
			children = (
				17EB3D4B246C7C6A00183316 /* OverdriveProcessorDriver */,
				17EB3D25246B81D800183316 /* OverdriveProcessorTests */,
			);
			path = Tests;
			sourceTree = "<group>";
		};
		17EB3D0E246B81D800183316 = {
			isa = PBXGroup;
			children = (
				17EB3D1A246B81D800183316 /* OverdriveProcessor */,
				175B9DFC247F3AF2002101CD /* Tests */,
				17EB3D19246B81D800183316 /* Products */,
				17EB3D32246B834F00183316 /* Frameworks */,
			);
			sourceTree = "<group>";
		};
		17EB3D19246B81D800183316 /* Products */ = {
			isa = PBXGroup;
			children = (
				17EB3D18246B81D800183316 /* OverdriveProcessor.framework */,
				17EB3D21246B81D800183316 /* OverdriveProcessorTests.xctest */,
				17EB3D4A246C7C6A00183316 /* OverdriveProcessorDriver.app */,
			);
			name = Products;
			sourceTree = "<group>";
		};
		17EB3D1A246B81D800183316 /* OverdriveProcessor */ = {
			isa = PBXGroup;
			children = (
				17EB3D74246F44C100183316 /* Utils */,
				17EB3D3B246B83BC00183316 /* OverdriveAPIExecutor */,
				17EB3D1B246B81D800183316 /* OverdriveProcessor.h */,
				17EB3D1C246B81D800183316 /* Info.plist */,
			);
			path = OverdriveProcessor;
			sourceTree = "<group>";
		};
		17EB3D25246B81D800183316 /* OverdriveProcessorTests */ = {
			isa = PBXGroup;
			children = (
				17EB3D26246B81D800183316 /* NYPLOAuth2ErrorTests.swift */,
				17EB3D28246B81D800183316 /* Info.plist */,
				177E530A249C51720031CCCD /* OverdriveTokenTest.swift */,
				73679E0724E5BB0700F7AF4E /* NYPLDictionaryAdditionsTests.swift */,
			);
			path = OverdriveProcessorTests;
			sourceTree = "<group>";
		};
		17EB3D32246B834F00183316 /* Frameworks */ = {
			isa = PBXGroup;
			children = (
			);
			name = Frameworks;
			sourceTree = "<group>";
		};
		17EB3D3B246B83BC00183316 /* OverdriveAPIExecutor */ = {
			isa = PBXGroup;
			children = (
				17EB3D3C246B83D100183316 /* OverdriveAPIExecutor.swift */,
				175B9E042485758F002101CD /* OverdriveAPIResponder.swift */,
				17EB3D6F246CA87400183316 /* OverdriveToken.swift */,
			);
			path = OverdriveAPIExecutor;
			sourceTree = "<group>";
		};
		17EB3D4B246C7C6A00183316 /* OverdriveProcessorDriver */ = {
			isa = PBXGroup;
			children = (
				17EB3D4C246C7C6A00183316 /* AppDelegate.swift */,
				17EB3D50246C7C6A00183316 /* ViewController.swift */,
				17EB3D5A246C7C6D00183316 /* Info.plist */,
			);
			path = OverdriveProcessorDriver;
			sourceTree = "<group>";
		};
		17EB3D74246F44C100183316 /* Utils */ = {
			isa = PBXGroup;
			children = (
				17DA443824A3D20D00090D97 /* Constants.m */,
				73679E0524E5B8B200F7AF4E /* Dictionary+NYPLAdditions.swift */,
				73DA62152744696000DD28D7 /* NYPLOAuth2Error.swift */,
				17EB3D75246F44CF00183316 /* NYPLOverdriveError.swift */,
			);
			path = Utils;
			sourceTree = "<group>";
		};
/* End PBXGroup section */

/* Begin PBXHeadersBuildPhase section */
		17EB3D13246B81D800183316 /* Headers */ = {
			isa = PBXHeadersBuildPhase;
			buildActionMask = 2147483647;
			files = (
				17EB3D29246B81D800183316 /* OverdriveProcessor.h in Headers */,
			);
			runOnlyForDeploymentPostprocessing = 0;
		};
/* End PBXHeadersBuildPhase section */

/* Begin PBXNativeTarget section */
		17EB3D17246B81D800183316 /* OverdriveProcessor */ = {
			isa = PBXNativeTarget;
			buildConfigurationList = 17EB3D2C246B81D800183316 /* Build configuration list for PBXNativeTarget "OverdriveProcessor" */;
			buildPhases = (
				17EB3D13246B81D800183316 /* Headers */,
				17EB3D14246B81D800183316 /* Sources */,
				17EB3D15246B81D800183316 /* Frameworks */,
				17EB3D16246B81D800183316 /* Resources */,
			);
			buildRules = (
			);
			dependencies = (
			);
			name = OverdriveProcessor;
			productName = OverdriveProcessor;
			productReference = 17EB3D18246B81D800183316 /* OverdriveProcessor.framework */;
			productType = "com.apple.product-type.framework";
		};
		17EB3D20246B81D800183316 /* OverdriveProcessorTests */ = {
			isa = PBXNativeTarget;
			buildConfigurationList = 17EB3D2F246B81D800183316 /* Build configuration list for PBXNativeTarget "OverdriveProcessorTests" */;
			buildPhases = (
				17EB3D1D246B81D800183316 /* Sources */,
				17EB3D1E246B81D800183316 /* Frameworks */,
				17EB3D1F246B81D800183316 /* Resources */,
			);
			buildRules = (
			);
			dependencies = (
				17EB3D24246B81D800183316 /* PBXTargetDependency */,
				17EB3D6D246C834800183316 /* PBXTargetDependency */,
			);
			name = OverdriveProcessorTests;
			productName = OverdriveProcessorTests;
			productReference = 17EB3D21246B81D800183316 /* OverdriveProcessorTests.xctest */;
			productType = "com.apple.product-type.bundle.unit-test";
		};
		17EB3D49246C7C6A00183316 /* OverdriveProcessorDriver */ = {
			isa = PBXNativeTarget;
			buildConfigurationList = 17EB3D66246C7C6D00183316 /* Build configuration list for PBXNativeTarget "OverdriveProcessorDriver" */;
			buildPhases = (
				17EB3D46246C7C6A00183316 /* Sources */,
				17EB3D47246C7C6A00183316 /* Frameworks */,
				17EB3D48246C7C6A00183316 /* Resources */,
			);
			buildRules = (
			);
			dependencies = (
			);
			name = OverdriveProcessorDriver;
			productName = OverdriveProcessorDriver;
			productReference = 17EB3D4A246C7C6A00183316 /* OverdriveProcessorDriver.app */;
			productType = "com.apple.product-type.application";
		};
/* End PBXNativeTarget section */

/* Begin PBXProject section */
		17EB3D0F246B81D800183316 /* Project object */ = {
			isa = PBXProject;
			attributes = {
				LastSwiftUpdateCheck = 1140;
				LastUpgradeCheck = 1310;
				ORGANIZATIONNAME = NYPL;
				TargetAttributes = {
					17EB3D17246B81D800183316 = {
						CreatedOnToolsVersion = 11.4.1;
						LastSwiftMigration = 1140;
					};
					17EB3D20246B81D800183316 = {
						CreatedOnToolsVersion = 11.4.1;
						TestTargetID = 17EB3D49246C7C6A00183316;
					};
					17EB3D49246C7C6A00183316 = {
						CreatedOnToolsVersion = 11.4.1;
					};
				};
			};
			buildConfigurationList = 17EB3D12246B81D800183316 /* Build configuration list for PBXProject "OverdriveProcessor" */;
			compatibilityVersion = "Xcode 9.3";
			developmentRegion = en;
			hasScannedForEncodings = 0;
			knownRegions = (
				en,
				Base,
			);
			mainGroup = 17EB3D0E246B81D800183316;
			productRefGroup = 17EB3D19246B81D800183316 /* Products */;
			projectDirPath = "";
			projectRoot = "";
			targets = (
				17EB3D17246B81D800183316 /* OverdriveProcessor */,
				17EB3D20246B81D800183316 /* OverdriveProcessorTests */,
				17EB3D49246C7C6A00183316 /* OverdriveProcessorDriver */,
			);
		};
/* End PBXProject section */

/* Begin PBXResourcesBuildPhase section */
		17EB3D16246B81D800183316 /* Resources */ = {
			isa = PBXResourcesBuildPhase;
			buildActionMask = 2147483647;
			files = (
			);
			runOnlyForDeploymentPostprocessing = 0;
		};
		17EB3D1F246B81D800183316 /* Resources */ = {
			isa = PBXResourcesBuildPhase;
			buildActionMask = 2147483647;
			files = (
			);
			runOnlyForDeploymentPostprocessing = 0;
		};
		17EB3D48246C7C6A00183316 /* Resources */ = {
			isa = PBXResourcesBuildPhase;
			buildActionMask = 2147483647;
			files = (
			);
			runOnlyForDeploymentPostprocessing = 0;
		};
/* End PBXResourcesBuildPhase section */

/* Begin PBXSourcesBuildPhase section */
		17EB3D14246B81D800183316 /* Sources */ = {
			isa = PBXSourcesBuildPhase;
			buildActionMask = 2147483647;
			files = (
				17DA443924A3D20D00090D97 /* Constants.m in Sources */,
				73DA62162744696000DD28D7 /* NYPLOAuth2Error.swift in Sources */,
				175B9E052485758F002101CD /* OverdriveAPIResponder.swift in Sources */,
				73679E0624E5B8B200F7AF4E /* Dictionary+NYPLAdditions.swift in Sources */,
				17EB3D3D246B83D100183316 /* OverdriveAPIExecutor.swift in Sources */,
				17EB3D70246CA87400183316 /* OverdriveToken.swift in Sources */,
				17EB3D76246F44CF00183316 /* NYPLOverdriveError.swift in Sources */,
			);
			runOnlyForDeploymentPostprocessing = 0;
		};
		17EB3D1D246B81D800183316 /* Sources */ = {
			isa = PBXSourcesBuildPhase;
			buildActionMask = 2147483647;
			files = (
				177E530B249C51720031CCCD /* OverdriveTokenTest.swift in Sources */,
				73679E0824E5BB0700F7AF4E /* NYPLDictionaryAdditionsTests.swift in Sources */,
				17EB3D27246B81D800183316 /* NYPLOAuth2ErrorTests.swift in Sources */,
			);
			runOnlyForDeploymentPostprocessing = 0;
		};
		17EB3D46246C7C6A00183316 /* Sources */ = {
			isa = PBXSourcesBuildPhase;
			buildActionMask = 2147483647;
			files = (
				17EB3D51246C7C6A00183316 /* ViewController.swift in Sources */,
				17EB3D4D246C7C6A00183316 /* AppDelegate.swift in Sources */,
			);
			runOnlyForDeploymentPostprocessing = 0;
		};
/* End PBXSourcesBuildPhase section */

/* Begin PBXTargetDependency section */
		17EB3D24246B81D800183316 /* PBXTargetDependency */ = {
			isa = PBXTargetDependency;
			target = 17EB3D17246B81D800183316 /* OverdriveProcessor */;
			targetProxy = 17EB3D23246B81D800183316 /* PBXContainerItemProxy */;
		};
		17EB3D6D246C834800183316 /* PBXTargetDependency */ = {
			isa = PBXTargetDependency;
			target = 17EB3D49246C7C6A00183316 /* OverdriveProcessorDriver */;
			targetProxy = 17EB3D6C246C834800183316 /* PBXContainerItemProxy */;
		};
/* End PBXTargetDependency section */

/* Begin XCBuildConfiguration section */
		17EB3D2A246B81D800183316 /* Debug */ = {
			isa = XCBuildConfiguration;
			buildSettings = {
				ALWAYS_SEARCH_USER_PATHS = NO;
				CLANG_ANALYZER_NONNULL = YES;
				CLANG_ANALYZER_NUMBER_OBJECT_CONVERSION = YES_AGGRESSIVE;
				CLANG_CXX_LANGUAGE_STANDARD = "gnu++14";
				CLANG_CXX_LIBRARY = "libc++";
				CLANG_ENABLE_MODULES = YES;
				CLANG_ENABLE_OBJC_ARC = YES;
				CLANG_ENABLE_OBJC_WEAK = YES;
				CLANG_WARN_BLOCK_CAPTURE_AUTORELEASING = YES;
				CLANG_WARN_BOOL_CONVERSION = YES;
				CLANG_WARN_COMMA = YES;
				CLANG_WARN_CONSTANT_CONVERSION = YES;
				CLANG_WARN_DEPRECATED_OBJC_IMPLEMENTATIONS = YES;
				CLANG_WARN_DIRECT_OBJC_ISA_USAGE = YES_ERROR;
				CLANG_WARN_DOCUMENTATION_COMMENTS = YES;
				CLANG_WARN_EMPTY_BODY = YES;
				CLANG_WARN_ENUM_CONVERSION = YES;
				CLANG_WARN_INFINITE_RECURSION = YES;
				CLANG_WARN_INT_CONVERSION = YES;
				CLANG_WARN_NON_LITERAL_NULL_CONVERSION = YES;
				CLANG_WARN_OBJC_IMPLICIT_RETAIN_SELF = YES;
				CLANG_WARN_OBJC_LITERAL_CONVERSION = YES;
				CLANG_WARN_OBJC_ROOT_CLASS = YES_ERROR;
				CLANG_WARN_QUOTED_INCLUDE_IN_FRAMEWORK_HEADER = YES;
				CLANG_WARN_RANGE_LOOP_ANALYSIS = YES;
				CLANG_WARN_STRICT_PROTOTYPES = YES;
				CLANG_WARN_SUSPICIOUS_MOVE = YES;
				CLANG_WARN_UNGUARDED_AVAILABILITY = YES_AGGRESSIVE;
				CLANG_WARN_UNREACHABLE_CODE = YES;
				CLANG_WARN__DUPLICATE_METHOD_MATCH = YES;
				COPY_PHASE_STRIP = NO;
				CURRENT_PROJECT_VERSION = 1;
				DEBUG_INFORMATION_FORMAT = dwarf;
				ENABLE_STRICT_OBJC_MSGSEND = YES;
				ENABLE_TESTABILITY = YES;
				GCC_C_LANGUAGE_STANDARD = gnu11;
				GCC_DYNAMIC_NO_PIC = NO;
				GCC_NO_COMMON_BLOCKS = YES;
				GCC_OPTIMIZATION_LEVEL = 0;
				GCC_PREPROCESSOR_DEFINITIONS = (
					"DEBUG=1",
					"$(inherited)",
				);
				GCC_WARN_64_TO_32_BIT_CONVERSION = YES;
				GCC_WARN_ABOUT_RETURN_TYPE = YES_ERROR;
				GCC_WARN_UNDECLARED_SELECTOR = YES;
				GCC_WARN_UNINITIALIZED_AUTOS = YES_AGGRESSIVE;
				GCC_WARN_UNUSED_FUNCTION = YES;
				GCC_WARN_UNUSED_VARIABLE = YES;
				MTL_ENABLE_DEBUG_INFO = INCLUDE_SOURCE;
				MTL_FAST_MATH = YES;
				ONLY_ACTIVE_ARCH = YES;
				SDKROOT = iphoneos;
				SWIFT_ACTIVE_COMPILATION_CONDITIONS = DEBUG;
				SWIFT_OPTIMIZATION_LEVEL = "-Onone";
				SWIFT_VERSION = 5.0;
				VERSIONING_SYSTEM = "apple-generic";
				VERSION_INFO_PREFIX = "";
			};
			name = Debug;
		};
		17EB3D2B246B81D800183316 /* Release */ = {
			isa = XCBuildConfiguration;
			buildSettings = {
				ALWAYS_SEARCH_USER_PATHS = NO;
				CLANG_ANALYZER_NONNULL = YES;
				CLANG_ANALYZER_NUMBER_OBJECT_CONVERSION = YES_AGGRESSIVE;
				CLANG_CXX_LANGUAGE_STANDARD = "gnu++14";
				CLANG_CXX_LIBRARY = "libc++";
				CLANG_ENABLE_MODULES = YES;
				CLANG_ENABLE_OBJC_ARC = YES;
				CLANG_ENABLE_OBJC_WEAK = YES;
				CLANG_WARN_BLOCK_CAPTURE_AUTORELEASING = YES;
				CLANG_WARN_BOOL_CONVERSION = YES;
				CLANG_WARN_COMMA = YES;
				CLANG_WARN_CONSTANT_CONVERSION = YES;
				CLANG_WARN_DEPRECATED_OBJC_IMPLEMENTATIONS = YES;
				CLANG_WARN_DIRECT_OBJC_ISA_USAGE = YES_ERROR;
				CLANG_WARN_DOCUMENTATION_COMMENTS = YES;
				CLANG_WARN_EMPTY_BODY = YES;
				CLANG_WARN_ENUM_CONVERSION = YES;
				CLANG_WARN_INFINITE_RECURSION = YES;
				CLANG_WARN_INT_CONVERSION = YES;
				CLANG_WARN_NON_LITERAL_NULL_CONVERSION = YES;
				CLANG_WARN_OBJC_IMPLICIT_RETAIN_SELF = YES;
				CLANG_WARN_OBJC_LITERAL_CONVERSION = YES;
				CLANG_WARN_OBJC_ROOT_CLASS = YES_ERROR;
				CLANG_WARN_QUOTED_INCLUDE_IN_FRAMEWORK_HEADER = YES;
				CLANG_WARN_RANGE_LOOP_ANALYSIS = YES;
				CLANG_WARN_STRICT_PROTOTYPES = YES;
				CLANG_WARN_SUSPICIOUS_MOVE = YES;
				CLANG_WARN_UNGUARDED_AVAILABILITY = YES_AGGRESSIVE;
				CLANG_WARN_UNREACHABLE_CODE = YES;
				CLANG_WARN__DUPLICATE_METHOD_MATCH = YES;
				COPY_PHASE_STRIP = NO;
				CURRENT_PROJECT_VERSION = 1;
				DEBUG_INFORMATION_FORMAT = "dwarf-with-dsym";
				ENABLE_NS_ASSERTIONS = NO;
				ENABLE_STRICT_OBJC_MSGSEND = YES;
				GCC_C_LANGUAGE_STANDARD = gnu11;
				GCC_NO_COMMON_BLOCKS = YES;
				GCC_WARN_64_TO_32_BIT_CONVERSION = YES;
				GCC_WARN_ABOUT_RETURN_TYPE = YES_ERROR;
				GCC_WARN_UNDECLARED_SELECTOR = YES;
				GCC_WARN_UNINITIALIZED_AUTOS = YES_AGGRESSIVE;
				GCC_WARN_UNUSED_FUNCTION = YES;
				GCC_WARN_UNUSED_VARIABLE = YES;
				MTL_ENABLE_DEBUG_INFO = NO;
				MTL_FAST_MATH = YES;
				SDKROOT = iphoneos;
				SWIFT_COMPILATION_MODE = wholemodule;
				SWIFT_OPTIMIZATION_LEVEL = "-O";
				SWIFT_VERSION = 5.0;
				VALIDATE_PRODUCT = YES;
				VERSIONING_SYSTEM = "apple-generic";
				VERSION_INFO_PREFIX = "";
			};
			name = Release;
		};
		17EB3D2D246B81D800183316 /* Debug */ = {
			isa = XCBuildConfiguration;
			buildSettings = {
				CODE_SIGN_IDENTITY = "";
				CODE_SIGN_STYLE = Automatic;
				DEFINES_MODULE = YES;
				DEVELOPMENT_TEAM = 7262U6ST2R;
				DYLIB_COMPATIBILITY_VERSION = 1;
				DYLIB_CURRENT_VERSION = 1;
				DYLIB_INSTALL_NAME_BASE = "@rpath";
				"EXCLUDED_ARCHS[sdk=iphonesimulator*]" = arm64;
				INFOPLIST_FILE = OverdriveProcessor/Info.plist;
				INSTALL_PATH = "$(LOCAL_LIBRARY_DIR)/Frameworks";
				IPHONEOS_DEPLOYMENT_TARGET = 10.0;
				LD_RUNPATH_SEARCH_PATHS = (
					"$(inherited)",
					"@executable_path/Frameworks",
					"@loader_path/Frameworks",
				);
				PRODUCT_BUNDLE_IDENTIFIER = org.nypl.labs.OverdriveProcessor;
				PRODUCT_NAME = "$(TARGET_NAME:c99extidentifier)";
				SKIP_INSTALL = YES;
				SUPPORTS_MACCATALYST = NO;
				TARGETED_DEVICE_FAMILY = "1,2";
			};
			name = Debug;
		};
		17EB3D2E246B81D800183316 /* Release */ = {
			isa = XCBuildConfiguration;
			buildSettings = {
				CODE_SIGN_IDENTITY = "";
				CODE_SIGN_STYLE = Automatic;
				DEFINES_MODULE = YES;
				DEVELOPMENT_TEAM = 7262U6ST2R;
				DYLIB_COMPATIBILITY_VERSION = 1;
				DYLIB_CURRENT_VERSION = 1;
				DYLIB_INSTALL_NAME_BASE = "@rpath";
				INFOPLIST_FILE = OverdriveProcessor/Info.plist;
				INSTALL_PATH = "$(LOCAL_LIBRARY_DIR)/Frameworks";
				IPHONEOS_DEPLOYMENT_TARGET = 10.0;
				LD_RUNPATH_SEARCH_PATHS = (
					"$(inherited)",
					"@executable_path/Frameworks",
					"@loader_path/Frameworks",
				);
				PRODUCT_BUNDLE_IDENTIFIER = org.nypl.labs.OverdriveProcessor;
				PRODUCT_NAME = "$(TARGET_NAME:c99extidentifier)";
				SKIP_INSTALL = YES;
				SUPPORTS_MACCATALYST = NO;
				TARGETED_DEVICE_FAMILY = "1,2";
			};
			name = Release;
		};
		17EB3D30246B81D800183316 /* Debug */ = {
			isa = XCBuildConfiguration;
			buildSettings = {
				ALWAYS_EMBED_SWIFT_STANDARD_LIBRARIES = YES;
				CODE_SIGN_STYLE = Automatic;
				DEVELOPMENT_TEAM = 7262U6ST2R;
				"EXCLUDED_ARCHS[sdk=iphonesimulator*]" = arm64;
				INFOPLIST_FILE = Tests/OverdriveProcessorTests/Info.plist;
				LD_RUNPATH_SEARCH_PATHS = (
					"$(inherited)",
					"@executable_path/Frameworks",
					"@loader_path/Frameworks",
				);
				PRODUCT_BUNDLE_IDENTIFIER = org.nypl.labs.OverdriveProcessorTests;
				PRODUCT_NAME = "$(TARGET_NAME)";
				TARGETED_DEVICE_FAMILY = "1,2";
				TEST_HOST = "$(BUILT_PRODUCTS_DIR)/OverdriveProcessorDriver.app/OverdriveProcessorDriver";
			};
			name = Debug;
		};
		17EB3D31246B81D800183316 /* Release */ = {
			isa = XCBuildConfiguration;
			buildSettings = {
				ALWAYS_EMBED_SWIFT_STANDARD_LIBRARIES = YES;
				CODE_SIGN_STYLE = Automatic;
				DEVELOPMENT_TEAM = 7262U6ST2R;
				INFOPLIST_FILE = Tests/OverdriveProcessorTests/Info.plist;
				LD_RUNPATH_SEARCH_PATHS = (
					"$(inherited)",
					"@executable_path/Frameworks",
					"@loader_path/Frameworks",
				);
				PRODUCT_BUNDLE_IDENTIFIER = org.nypl.labs.OverdriveProcessorTests;
				PRODUCT_NAME = "$(TARGET_NAME)";
				TARGETED_DEVICE_FAMILY = "1,2";
				TEST_HOST = "$(BUILT_PRODUCTS_DIR)/OverdriveProcessorDriver.app/OverdriveProcessorDriver";
			};
			name = Release;
		};
		17EB3D67246C7C6D00183316 /* Debug */ = {
			isa = XCBuildConfiguration;
			buildSettings = {
				CODE_SIGN_STYLE = Automatic;
				DEVELOPMENT_TEAM = 7262U6ST2R;
				"EXCLUDED_ARCHS[sdk=iphonesimulator*]" = arm64;
				INFOPLIST_FILE = Tests/OverdriveProcessorDriver/Info.plist;
				LD_RUNPATH_SEARCH_PATHS = (
					"$(inherited)",
					"@executable_path/Frameworks",
				);
				PRODUCT_BUNDLE_IDENTIFIER = org.nypl.labs.OverdriveProcessorDriver;
				PRODUCT_NAME = "$(TARGET_NAME)";
				TARGETED_DEVICE_FAMILY = "1,2";
			};
			name = Debug;
		};
		17EB3D68246C7C6D00183316 /* Release */ = {
			isa = XCBuildConfiguration;
			buildSettings = {
				CODE_SIGN_STYLE = Automatic;
				DEVELOPMENT_TEAM = 7262U6ST2R;
				INFOPLIST_FILE = Tests/OverdriveProcessorDriver/Info.plist;
				LD_RUNPATH_SEARCH_PATHS = (
					"$(inherited)",
					"@executable_path/Frameworks",
				);
				PRODUCT_BUNDLE_IDENTIFIER = org.nypl.labs.OverdriveProcessorDriver;
				PRODUCT_NAME = "$(TARGET_NAME)";
				TARGETED_DEVICE_FAMILY = "1,2";
			};
			name = Release;
		};
/* End XCBuildConfiguration section */

/* Begin XCConfigurationList section */
		17EB3D12246B81D800183316 /* Build configuration list for PBXProject "OverdriveProcessor" */ = {
			isa = XCConfigurationList;
			buildConfigurations = (
				17EB3D2A246B81D800183316 /* Debug */,
				17EB3D2B246B81D800183316 /* Release */,
			);
			defaultConfigurationIsVisible = 0;
			defaultConfigurationName = Release;
		};
		17EB3D2C246B81D800183316 /* Build configuration list for PBXNativeTarget "OverdriveProcessor" */ = {
			isa = XCConfigurationList;
			buildConfigurations = (
				17EB3D2D246B81D800183316 /* Debug */,
				17EB3D2E246B81D800183316 /* Release */,
			);
			defaultConfigurationIsVisible = 0;
			defaultConfigurationName = Release;
		};
		17EB3D2F246B81D800183316 /* Build configuration list for PBXNativeTarget "OverdriveProcessorTests" */ = {
			isa = XCConfigurationList;
			buildConfigurations = (
				17EB3D30246B81D800183316 /* Debug */,
				17EB3D31246B81D800183316 /* Release */,
			);
			defaultConfigurationIsVisible = 0;
			defaultConfigurationName = Release;
		};
		17EB3D66246C7C6D00183316 /* Build configuration list for PBXNativeTarget "OverdriveProcessorDriver" */ = {
			isa = XCConfigurationList;
			buildConfigurations = (
				17EB3D67246C7C6D00183316 /* Debug */,
				17EB3D68246C7C6D00183316 /* Release */,
			);
			defaultConfigurationIsVisible = 0;
			defaultConfigurationName = Release;
		};
/* End XCConfigurationList section */
	};
	rootObject = 17EB3D0F246B81D800183316 /* Project object */;
}
